
Microsoft Visual Studio Solution File, Format Version 12.00
# Visual Studio Version 17
VisualStudioVersion = 17.0.31903.59
MinimumVisualStudioVersion = 10.0.40219.1
Project("{FAE04EC0-301F-11D3-BF4B-00C04F79EFBC}") = "PuppetServiceWorker", "PuppetServiceWorker.Source\PuppetServiceWorker.csproj", "{23B765F4-5833-4187-BE99-0AB438EA6C1E}"
EndProject
Project("{FAE04EC0-301F-11D3-BF4B-00C04F79EFBC}") = "UnitTests", "PuppetServiceWorker.Tests\UnitTests.csproj", "{810DCA04-FD32-45E6-B0DE-1F4EAFDF6947}"
EndProject
Global
	GlobalSection(SolutionConfigurationPlatforms) = preSolution
		Debug|Any CPU = Debug|Any CPU
		Release|Any CPU = Release|Any CPU
	EndGlobalSection
	GlobalSection(SolutionProperties) = preSolution
		HideSolutionNode = FALSE
	EndGlobalSection
	GlobalSection(ProjectConfigurationPlatforms) = postSolution
		{23B765F4-5833-4187-BE99-0AB438EA6C1E}.Debug|Any CPU.ActiveCfg = Debug|Any CPU
		{23B765F4-5833-4187-BE99-0AB438EA6C1E}.Debug|Any CPU.Build.0 = Debug|Any CPU
		{23B765F4-5833-4187-BE99-0AB438EA6C1E}.Release|Any CPU.ActiveCfg = Release|Any CPU
		{23B765F4-5833-4187-BE99-0AB438EA6C1E}.Release|Any CPU.Build.0 = Release|Any CPU
		{810DCA04-FD32-45E6-B0DE-1F4EAFDF6947}.Debug|Any CPU.ActiveCfg = Debug|Any CPU
		{810DCA04-FD32-45E6-B0DE-1F4EAFDF6947}.Debug|Any CPU.Build.0 = Debug|Any CPU
		{810DCA04-FD32-45E6-B0DE-1F4EAFDF6947}.Release|Any CPU.ActiveCfg = Release|Any CPU
		{810DCA04-FD32-45E6-B0DE-1F4EAFDF6947}.Release|Any CPU.Build.0 = Release|Any CPU
	EndGlobalSection
EndGlobal
